
Microsoft Visual Studio Solution File, Format Version 12.00
# Visual Studio Version 16
VisualStudioVersion = 16.0.31129.286
MinimumVisualStudioVersion = 10.0.40219.1
Project("{FAE04EC0-301F-11D3-BF4B-00C04F79EFBC}") = "IOOC_server", "IOOC_server.csproj", "{09047225-392E-46C3-B680-B3FFA9AF0292}"
EndProject
Project("{FAE04EC0-301F-11D3-BF4B-00C04F79EFBC}") = "IOOC_client", "..\IOOC_client\IOOC_client.csproj", "{6D02014F-AB96-4279-8FB4-98E8F347403D}"
EndProject
Global
	GlobalSection(SolutionConfigurationPlatforms) = preSolution
		Debug|Any CPU = Debug|Any CPU
		Release|Any CPU = Release|Any CPU
	EndGlobalSection
	GlobalSection(ProjectConfigurationPlatforms) = postSolution
		{09047225-392E-46C3-B680-B3FFA9AF0292}.Debug|Any CPU.ActiveCfg = Debug|Any CPU
		{09047225-392E-46C3-B680-B3FFA9AF0292}.Debug|Any CPU.Build.0 = Debug|Any CPU
		{09047225-392E-46C3-B680-B3FFA9AF0292}.Release|Any CPU.ActiveCfg = Release|Any CPU
		{09047225-392E-46C3-B680-B3FFA9AF0292}.Release|Any CPU.Build.0 = Release|Any CPU
		{6D02014F-AB96-4279-8FB4-98E8F347403D}.Debug|Any CPU.ActiveCfg = Debug|Any CPU
		{6D02014F-AB96-4279-8FB4-98E8F347403D}.Debug|Any CPU.Build.0 = Debug|Any CPU
		{6D02014F-AB96-4279-8FB4-98E8F347403D}.Release|Any CPU.ActiveCfg = Release|Any CPU
		{6D02014F-AB96-4279-8FB4-98E8F347403D}.Release|Any CPU.Build.0 = Release|Any CPU
	EndGlobalSection
	GlobalSection(SolutionProperties) = preSolution
		HideSolutionNode = FALSE
	EndGlobalSection
	GlobalSection(ExtensibilityGlobals) = postSolution
		SolutionGuid = {455B6E9D-CC37-4C44-A8D5-CC6D58C9D37D}
	EndGlobalSection
EndGlobal
